github.com/go-logr/logr v1.2.0 h1:QK40JKJyMdUDz+h+xvCsru/bJhvG0UxvePV0ufL/AcE=
github.com/go-logr/logr v1.2.0/go.mod h1:jdQByPbusPIv2/zmleS9BjJVeZ6kBagPoEUsqbVz/1A=
github.com/google/cadvisor v0.49.1 h1:9M++63nWvdq6Oci6wUDuAfQNTZpuz1ZObln0Bhs9xN0=
github.com/google/cadvisor v0.49.1/go.mod h1:s6Fqwb2KiWG6leCegVhw4KW40tf9f7m+SF1aXiE8Wsk=
github.com/google/go-cmp v0.6.0 h1:ofyhxvXcZhMsU5ulbFiLKl/XBFqE1GSq7atu8tAmTRI=
github.com/google/go-cmp v0.6.0/go.mod h1:17dUlkBOakJ0+DkrSSNjCkIjxS6bF9zb3elmeNGIjoY=
github.com/prometheus/procfs v0.15.1 h1:YagwOFzUgYfKKHX6Dr+sHT7km/hxC76UB0learggepc=
github.com/prometheus/procfs v0.15.1/go.mod h1:fB45yRUv8NstnjriLhBQLuOUt+WW4BsoGhij/e3PBqk=
golang.org/x/sys v0.20.0 h1:Od9JTbYCk261bKm4M/mw7AklTlFYIa0bIp9BgSm1S8Y=
golang.org/x/sys v0.20.0/go.mod h1:/VUhepiaJMQUp4+oa/7Zr1D23ma6VTLIYjOOTFZPUcA=
k8s.io/klog/v2 v2.100.1 h1:7WCHKK6K8fNhTqfBhISHQ97KrnJNFZMcQvKp7gP/tmg=
k8s.io/klog/v2 v2.100.1/go.mod h1:y1WjHnz7Dj687irZUWR/WLkLc5N1YHtjLdmgWjndZn0=
